
Microsoft Visual Studio Solution File, Format Version 12.00
# Visual Studio 15
VisualStudioVersion = 15.0.28307.438
MinimumVisualStudioVersion = 10.0.40219.1
Project("{FAE04EC0-301F-11D3-BF4B-00C04F79EFBC}") = "CronJobTest", "CronJobTest\CronJobTest.csproj", "{E319EF97-B979-47B5-89FE-EF709F25755F}"
EndProject
Project("{FAE04EC0-301F-11D3-BF4B-00C04F79EFBC}") = "CronJobTestCore", "CronJobTestCore\CronJobTestCore.csproj", "{716606B0-91B5-47B5-AE07-B37A2A1E3381}"
EndProject
Global
	GlobalSection(SolutionConfigurationPlatforms) = preSolution
		Debug|Any CPU = Debug|Any CPU
		Debug|x86 = Debug|x86
		Release|Any CPU = Release|Any CPU
		Release|x86 = Release|x86
	EndGlobalSection
	GlobalSection(ProjectConfigurationPlatforms) = postSolution
		{E319EF97-B979-47B5-89FE-EF709F25755F}.Debug|Any CPU.ActiveCfg = Debug|x86
		{E319EF97-B979-47B5-89FE-EF709F25755F}.Debug|x86.ActiveCfg = Debug|x86
		{E319EF97-B979-47B5-89FE-EF709F25755F}.Debug|x86.Build.0 = Debug|x86
		{E319EF97-B979-47B5-89FE-EF709F25755F}.Release|Any CPU.ActiveCfg = Release|x86
		{E319EF97-B979-47B5-89FE-EF709F25755F}.Release|x86.ActiveCfg = Release|x86
		{E319EF97-B979-47B5-89FE-EF709F25755F}.Release|x86.Build.0 = Release|x86
		{716606B0-91B5-47B5-AE07-B37A2A1E3381}.Debug|Any CPU.ActiveCfg = Debug|Any CPU
		{716606B0-91B5-47B5-AE07-B37A2A1E3381}.Debug|Any CPU.Build.0 = Debug|Any CPU
		{716606B0-91B5-47B5-AE07-B37A2A1E3381}.Debug|x86.ActiveCfg = Debug|Any CPU
		{716606B0-91B5-47B5-AE07-B37A2A1E3381}.Debug|x86.Build.0 = Debug|Any CPU
		{716606B0-91B5-47B5-AE07-B37A2A1E3381}.Release|Any CPU.ActiveCfg = Release|Any CPU
		{716606B0-91B5-47B5-AE07-B37A2A1E3381}.Release|Any CPU.Build.0 = Release|Any CPU
		{716606B0-91B5-47B5-AE07-B37A2A1E3381}.Release|x86.ActiveCfg = Release|Any CPU
		{716606B0-91B5-47B5-AE07-B37A2A1E3381}.Release|x86.Build.0 = Release|Any CPU
	EndGlobalSection
	GlobalSection(SolutionProperties) = preSolution
		HideSolutionNode = FALSE
	EndGlobalSection
	GlobalSection(ExtensibilityGlobals) = postSolution
		SolutionGuid = {9E8FBBD0-92A1-4D0D-A887-6EE80CC80A33}
	EndGlobalSection
EndGlobal
